// !$*UTF8*$!
{
	archiveVersion = 1;
	classes = {
	};
	objectVersion = 50;
	objects = {

/* Begin PBXBuildFile section */
		145F945A219C8BC300F618C6 /* SettingsViewController.swift in Sources */ = {isa = PBXBuildFile; fileRef = 145F9459219C8BC300F618C6 /* SettingsViewController.swift */; };
		14C7A335219B4B5E00E335CA /* AppDelegate.swift in Sources */ = {isa = PBXBuildFile; fileRef = 14C7A334219B4B5E00E335CA /* AppDelegate.swift */; };
		14C7A33A219B4B5E00E335CA /* Main.storyboard in Resources */ = {isa = PBXBuildFile; fileRef = 14C7A338219B4B5E00E335CA /* Main.storyboard */; };
		14C7A33C219B4B6000E335CA /* Assets.xcassets in Resources */ = {isa = PBXBuildFile; fileRef = 14C7A33B219B4B6000E335CA /* Assets.xcassets */; };
		14C7A33F219B4B6000E335CA /* LaunchScreen.storyboard in Resources */ = {isa = PBXBuildFile; fileRef = 14C7A33D219B4B6000E335CA /* LaunchScreen.storyboard */; };
		14C7A347219B5B0700E335CA /* TimerViewController.swift in Sources */ = {isa = PBXBuildFile; fileRef = 14C7A346219B5B0700E335CA /* TimerViewController.swift */; };
		14C7A349219BD04900E335CA /* Constants.swift in Sources */ = {isa = PBXBuildFile; fileRef = 14C7A348219BD04900E335CA /* Constants.swift */; };
		14C7A34B219BD05D00E335CA /* AppValues.swift in Sources */ = {isa = PBXBuildFile; fileRef = 14C7A34A219BD05D00E335CA /* AppValues.swift */; };
		14C7A34D219C2EF500E335CA /* Quote.swift in Sources */ = {isa = PBXBuildFile; fileRef = 14C7A34C219C2EF500E335CA /* Quote.swift */; };
		14C7A352219C303C00E335CA /* NetworkClient.swift in Sources */ = {isa = PBXBuildFile; fileRef = 14C7A351219C303C00E335CA /* NetworkClient.swift */; };
		14C7A354219C326E00E335CA /* QuoteNetworkClient.swift in Sources */ = {isa = PBXBuildFile; fileRef = 14C7A353219C326E00E335CA /* QuoteNetworkClient.swift */; };
		14C7A35D219C464100E335CA /* QuoteViewController.swift in Sources */ = {isa = PBXBuildFile; fileRef = 14C7A35C219C464100E335CA /* QuoteViewController.swift */; };
		41717B4FA42461C38E432C2D /* Pods_InsperationTomato.framework in Frameworks */ = {isa = PBXBuildFile; fileRef = CE08944AC8A4BCA8DF37F330 /* Pods_InsperationTomato.framework */; };
/* End PBXBuildFile section */

/* Begin PBXFileReference section */
		145F9459219C8BC300F618C6 /* SettingsViewController.swift */ = {isa = PBXFileReference; lastKnownFileType = sourcecode.swift; path = SettingsViewController.swift; sourceTree = "<group>"; };
		14C7A331219B4B5E00E335CA /* Insperation Pomodoro.app */ = {isa = PBXFileReference; explicitFileType = wrapper.application; includeInIndex = 0; path = "Insperation Pomodoro.app"; sourceTree = BUILT_PRODUCTS_DIR; };
		14C7A334219B4B5E00E335CA /* AppDelegate.swift */ = {isa = PBXFileReference; lastKnownFileType = sourcecode.swift; path = AppDelegate.swift; sourceTree = "<group>"; };
		14C7A339219B4B5E00E335CA /* Base */ = {isa = PBXFileReference; lastKnownFileType = file.storyboard; name = Base; path = Base.lproj/Main.storyboard; sourceTree = "<group>"; };
		14C7A33B219B4B6000E335CA /* Assets.xcassets */ = {isa = PBXFileReference; lastKnownFileType = folder.assetcatalog; path = Assets.xcassets; sourceTree = "<group>"; };
		14C7A33E219B4B6000E335CA /* Base */ = {isa = PBXFileReference; lastKnownFileType = file.storyboard; name = Base; path = Base.lproj/LaunchScreen.storyboard; sourceTree = "<group>"; };
		14C7A340219B4B6000E335CA /* Info.plist */ = {isa = PBXFileReference; lastKnownFileType = text.plist.xml; path = Info.plist; sourceTree = "<group>"; };
		14C7A346219B5B0700E335CA /* TimerViewController.swift */ = {isa = PBXFileReference; lastKnownFileType = sourcecode.swift; path = TimerViewController.swift; sourceTree = "<group>"; };
		14C7A348219BD04900E335CA /* Constants.swift */ = {isa = PBXFileReference; lastKnownFileType = sourcecode.swift; path = Constants.swift; sourceTree = "<group>"; };
		14C7A34A219BD05D00E335CA /* AppValues.swift */ = {isa = PBXFileReference; lastKnownFileType = sourcecode.swift; path = AppValues.swift; sourceTree = "<group>"; };
		14C7A34C219C2EF500E335CA /* Quote.swift */ = {isa = PBXFileReference; lastKnownFileType = sourcecode.swift; path = Quote.swift; sourceTree = "<group>"; };
		14C7A351219C303C00E335CA /* NetworkClient.swift */ = {isa = PBXFileReference; lastKnownFileType = sourcecode.swift; path = NetworkClient.swift; sourceTree = "<group>"; };
		14C7A353219C326E00E335CA /* QuoteNetworkClient.swift */ = {isa = PBXFileReference; lastKnownFileType = sourcecode.swift; path = QuoteNetworkClient.swift; sourceTree = "<group>"; };
		14C7A35C219C464100E335CA /* QuoteViewController.swift */ = {isa = PBXFileReference; lastKnownFileType = sourcecode.swift; path = QuoteViewController.swift; sourceTree = "<group>"; };
		1B3893CF2434DFB6844F1EF6 /* Pods-InsperationTomato.release.xcconfig */ = {isa = PBXFileReference; includeInIndex = 1; lastKnownFileType = text.xcconfig; name = "Pods-InsperationTomato.release.xcconfig"; path = "Pods/Target Support Files/Pods-InsperationTomato/Pods-InsperationTomato.release.xcconfig"; sourceTree = "<group>"; };
		1C32EAA2BF183E83FEDFC567 /* Pods-InsperationTomato.debug.xcconfig */ = {isa = PBXFileReference; includeInIndex = 1; lastKnownFileType = text.xcconfig; name = "Pods-InsperationTomato.debug.xcconfig"; path = "Pods/Target Support Files/Pods-InsperationTomato/Pods-InsperationTomato.debug.xcconfig"; sourceTree = "<group>"; };
		CE08944AC8A4BCA8DF37F330 /* Pods_InsperationTomato.framework */ = {isa = PBXFileReference; explicitFileType = wrapper.framework; includeInIndex = 0; path = Pods_InsperationTomato.framework; sourceTree = BUILT_PRODUCTS_DIR; };
/* End PBXFileReference section */

/* Begin PBXFrameworksBuildPhase section */
		14C7A32E219B4B5E00E335CA /* Frameworks */ = {
			isa = PBXFrameworksBuildPhase;
			buildActionMask = 2147483647;
			files = (
				41717B4FA42461C38E432C2D /* Pods_InsperationTomato.framework in Frameworks */,
			);
			runOnlyForDeploymentPostprocessing = 0;
		};
/* End PBXFrameworksBuildPhase section */

/* Begin PBXGroup section */
		070E5C62EE63DB51520C1F3F /* Pods */ = {
			isa = PBXGroup;
			children = (
				1C32EAA2BF183E83FEDFC567 /* Pods-InsperationTomato.debug.xcconfig */,
				1B3893CF2434DFB6844F1EF6 /* Pods-InsperationTomato.release.xcconfig */,
			);
			name = Pods;
			sourceTree = "<group>";
		};
		14C7A328219B4B5E00E335CA = {
			isa = PBXGroup;
			children = (
				14C7A333219B4B5E00E335CA /* Insperation Pomodoro */,
				14C7A332219B4B5E00E335CA /* Products */,
				070E5C62EE63DB51520C1F3F /* Pods */,
				99624076B6251E7A6E9BFEE9 /* Frameworks */,
			);
			sourceTree = "<group>";
		};
		14C7A332219B4B5E00E335CA /* Products */ = {
			isa = PBXGroup;
			children = (
				14C7A331219B4B5E00E335CA /* Insperation Pomodoro.app */,
			);
			name = Products;
			sourceTree = "<group>";
		};
		14C7A333219B4B5E00E335CA /* Insperation Pomodoro */ = {
			isa = PBXGroup;
			children = (
				14C7A334219B4B5E00E335CA /* AppDelegate.swift */,
				14C7A34F219C2FC100E335CA /* View Controllers */,
				14C7A34E219C2FAF00E335CA /* Models */,
				14C7A350219C301600E335CA /* NetworkManagers */,
				14C7A33B219B4B6000E335CA /* Assets.xcassets */,
				14C7A338219B4B5E00E335CA /* Main.storyboard */,
				14C7A33D219B4B6000E335CA /* LaunchScreen.storyboard */,
				14C7A340219B4B6000E335CA /* Info.plist */,
			);
			path = "Insperation Pomodoro";
			sourceTree = "<group>";
		};
		14C7A34E219C2FAF00E335CA /* Models */ = {
			isa = PBXGroup;
			children = (
				14C7A348219BD04900E335CA /* Constants.swift */,
				14C7A34A219BD05D00E335CA /* AppValues.swift */,
				14C7A34C219C2EF500E335CA /* Quote.swift */,
			);
			path = Models;
			sourceTree = "<group>";
		};
		14C7A34F219C2FC100E335CA /* View Controllers */ = {
			isa = PBXGroup;
			children = (
				14C7A346219B5B0700E335CA /* TimerViewController.swift */,
				14C7A35C219C464100E335CA /* QuoteViewController.swift */,
				145F9459219C8BC300F618C6 /* SettingsViewController.swift */,
			);
			path = "View Controllers";
			sourceTree = "<group>";
		};
		14C7A350219C301600E335CA /* NetworkManagers */ = {
			isa = PBXGroup;
			children = (
				14C7A351219C303C00E335CA /* NetworkClient.swift */,
				14C7A353219C326E00E335CA /* QuoteNetworkClient.swift */,
			);
			path = NetworkManagers;
			sourceTree = "<group>";
		};
		99624076B6251E7A6E9BFEE9 /* Frameworks */ = {
			isa = PBXGroup;
			children = (
				CE08944AC8A4BCA8DF37F330 /* Pods_InsperationTomato.framework */,
			);
			name = Frameworks;
			sourceTree = "<group>";
		};
/* End PBXGroup section */

/* Begin PBXNativeTarget section */
		14C7A330219B4B5E00E335CA /* Insperation Pomodoro */ = {
			isa = PBXNativeTarget;
			buildConfigurationList = 14C7A343219B4B6000E335CA /* Build configuration list for PBXNativeTarget "Insperation Pomodoro" */;
			buildPhases = (
				2C43713DD2C399AED82E3FEF /* [CP] Check Pods Manifest.lock */,
				14C7A32D219B4B5E00E335CA /* Sources */,
				14C7A32E219B4B5E00E335CA /* Frameworks */,
				14C7A32F219B4B5E00E335CA /* Resources */,
				8F025D3888EE3D4D4D0BA201 /* [CP] Embed Pods Frameworks */,
				839435BC2425F5DC213C8669 /* [CP] Copy Pods Resources */,
			);
			buildRules = (
			);
			dependencies = (
			);
			name = "Insperation Pomodoro";
			productName = InsperationTomato;
			productReference = 14C7A331219B4B5E00E335CA /* Insperation Pomodoro.app */;
			productType = "com.apple.product-type.application";
		};
/* End PBXNativeTarget section */

/* Begin PBXProject section */
		14C7A329219B4B5E00E335CA /* Project object */ = {
			isa = PBXProject;
			attributes = {
				LastSwiftUpdateCheck = 1010;
				LastUpgradeCheck = 1010;
				ORGANIZATIONNAME = lynmasri;
				TargetAttributes = {
					14C7A330219B4B5E00E335CA = {
						CreatedOnToolsVersion = 10.1;
						SystemCapabilities = {
							com.apple.BackgroundModes = {
								enabled = 0;
							};
						};
					};
				};
			};
			buildConfigurationList = 14C7A32C219B4B5E00E335CA /* Build configuration list for PBXProject "Insperation Pomodoro" */;
			compatibilityVersion = "Xcode 9.3";
			developmentRegion = en;
			hasScannedForEncodings = 0;
			knownRegions = (
				en,
				Base,
			);
			mainGroup = 14C7A328219B4B5E00E335CA;
			productRefGroup = 14C7A332219B4B5E00E335CA /* Products */;
			projectDirPath = "";
			projectRoot = "";
			targets = (
				14C7A330219B4B5E00E335CA /* Insperation Pomodoro */,
			);
		};
/* End PBXProject section */

/* Begin PBXResourcesBuildPhase section */
		14C7A32F219B4B5E00E335CA /* Resources */ = {
			isa = PBXResourcesBuildPhase;
			buildActionMask = 2147483647;
			files = (
				14C7A33F219B4B6000E335CA /* LaunchScreen.storyboard in Resources */,
				14C7A33C219B4B6000E335CA /* Assets.xcassets in Resources */,
				14C7A33A219B4B5E00E335CA /* Main.storyboard in Resources */,
			);
			runOnlyForDeploymentPostprocessing = 0;
		};
/* End PBXResourcesBuildPhase section */

/* Begin PBXShellScriptBuildPhase section */
		2C43713DD2C399AED82E3FEF /* [CP] Check Pods Manifest.lock */ = {
			isa = PBXShellScriptBuildPhase;
			buildActionMask = 2147483647;
			files = (
			);
			inputPaths = (
				"${PODS_PODFILE_DIR_PATH}/Podfile.lock",
				"${PODS_ROOT}/Manifest.lock",
			);
			name = "[CP] Check Pods Manifest.lock";
			outputPaths = (
				"$(DERIVED_FILE_DIR)/Pods-InsperationTomato-checkManifestLockResult.txt",
			);
			runOnlyForDeploymentPostprocessing = 0;
			shellPath = /bin/sh;
			shellScript = "diff \"${PODS_PODFILE_DIR_PATH}/Podfile.lock\" \"${PODS_ROOT}/Manifest.lock\" > /dev/null\nif [ $? != 0 ] ; then\n    # print error to STDERR\n    echo \"error: The sandbox is not in sync with the Podfile.lock. Run 'pod install' or update your CocoaPods installation.\" >&2\n    exit 1\nfi\n# This output is used by Xcode 'outputs' to avoid re-running this script phase.\necho \"SUCCESS\" > \"${SCRIPT_OUTPUT_FILE_0}\"\n";
			showEnvVarsInLog = 0;
		};
		839435BC2425F5DC213C8669 /* [CP] Copy Pods Resources */ = {
			isa = PBXShellScriptBuildPhase;
			buildActionMask = 2147483647;
			files = (
			);
			inputPaths = (
			);
			name = "[CP] Copy Pods Resources";
			outputPaths = (
			);
			runOnlyForDeploymentPostprocessing = 0;
			shellPath = /bin/sh;
			shellScript = "\"${SRCROOT}/Pods/Target Support Files/Pods-InsperationTomato/Pods-InsperationTomato-resources.sh\"\n";
			showEnvVarsInLog = 0;
		};
		8F025D3888EE3D4D4D0BA201 /* [CP] Embed Pods Frameworks */ = {
			isa = PBXShellScriptBuildPhase;
			buildActionMask = 2147483647;
			files = (
			);
			inputPaths = (
				"${SRCROOT}/Pods/Target Support Files/Pods-InsperationTomato/Pods-InsperationTomato-frameworks.sh",
				"${BUILT_PRODUCTS_DIR}/UICircularProgressRing/UICircularProgressRing.framework",
			);
			name = "[CP] Embed Pods Frameworks";
			outputPaths = (
				"${TARGET_BUILD_DIR}/${FRAMEWORKS_FOLDER_PATH}/UICircularProgressRing.framework",
			);
			runOnlyForDeploymentPostprocessing = 0;
			shellPath = /bin/sh;
			shellScript = "\"${SRCROOT}/Pods/Target Support Files/Pods-InsperationTomato/Pods-InsperationTomato-frameworks.sh\"\n";
			showEnvVarsInLog = 0;
		};
/* End PBXShellScriptBuildPhase section */

/* Begin PBXSourcesBuildPhase section */
		14C7A32D219B4B5E00E335CA /* Sources */ = {
			isa = PBXSourcesBuildPhase;
			buildActionMask = 2147483647;
			files = (
				14C7A347219B5B0700E335CA /* TimerViewController.swift in Sources */,
				14C7A35D219C464100E335CA /* QuoteViewController.swift in Sources */,
				14C7A335219B4B5E00E335CA /* AppDelegate.swift in Sources */,
				14C7A349219BD04900E335CA /* Constants.swift in Sources */,
				14C7A354219C326E00E335CA /* QuoteNetworkClient.swift in Sources */,
				14C7A34D219C2EF500E335CA /* Quote.swift in Sources */,
				14C7A34B219BD05D00E335CA /* AppValues.swift in Sources */,
				14C7A352219C303C00E335CA /* NetworkClient.swift in Sources */,
				145F945A219C8BC300F618C6 /* SettingsViewController.swift in Sources */,
			);
			runOnlyForDeploymentPostprocessing = 0;
		};
/* End PBXSourcesBuildPhase section */

/* Begin PBXVariantGroup section */
		14C7A338219B4B5E00E335CA /* Main.storyboard */ = {
			isa = PBXVariantGroup;
			children = (
				14C7A339219B4B5E00E335CA /* Base */,
			);
			name = Main.storyboard;
			sourceTree = "<group>";
		};
		14C7A33D219B4B6000E335CA /* LaunchScreen.storyboard */ = {
			isa = PBXVariantGroup;
			children = (
				14C7A33E219B4B6000E335CA /* Base */,
			);
			name = LaunchScreen.storyboard;
			sourceTree = "<group>";
		};
/* End PBXVariantGroup section */

/* Begin XCBuildConfiguration section */
		14C7A341219B4B6000E335CA /* Debug */ = {
			isa = XCBuildConfiguration;
			buildSettings = {
				ALWAYS_SEARCH_USER_PATHS = NO;
				CLANG_ANALYZER_NONNULL = YES;
				CLANG_ANALYZER_NUMBER_OBJECT_CONVERSION = YES_AGGRESSIVE;
				CLANG_CXX_LANGUAGE_STANDARD = "gnu++14";
				CLANG_CXX_LIBRARY = "libc++";
				CLANG_ENABLE_MODULES = YES;
				CLANG_ENABLE_OBJC_ARC = YES;
				CLANG_ENABLE_OBJC_WEAK = YES;
				CLANG_WARN_BLOCK_CAPTURE_AUTORELEASING = YES;
				CLANG_WARN_BOOL_CONVERSION = YES;
				CLANG_WARN_COMMA = YES;
				CLANG_WARN_CONSTANT_CONVERSION = YES;
				CLANG_WARN_DEPRECATED_OBJC_IMPLEMENTATIONS = YES;
				CLANG_WARN_DIRECT_OBJC_ISA_USAGE = YES_ERROR;
				CLANG_WARN_DOCUMENTATION_COMMENTS = YES;
				CLANG_WARN_EMPTY_BODY = YES;
				CLANG_WARN_ENUM_CONVERSION = YES;
				CLANG_WARN_INFINITE_RECURSION = YES;
				CLANG_WARN_INT_CONVERSION = YES;
				CLANG_WARN_NON_LITERAL_NULL_CONVERSION = YES;
				CLANG_WARN_OBJC_IMPLICIT_RETAIN_SELF = YES;
				CLANG_WARN_OBJC_LITERAL_CONVERSION = YES;
				CLANG_WARN_OBJC_ROOT_CLASS = YES_ERROR;
				CLANG_WARN_RANGE_LOOP_ANALYSIS = YES;
				CLANG_WARN_STRICT_PROTOTYPES = YES;
				CLANG_WARN_SUSPICIOUS_MOVE = YES;
				CLANG_WARN_UNGUARDED_AVAILABILITY = YES_AGGRESSIVE;
				CLANG_WARN_UNREACHABLE_CODE = YES;
				CLANG_WARN__DUPLICATE_METHOD_MATCH = YES;
				CODE_SIGN_IDENTITY = "iPhone Developer";
				COPY_PHASE_STRIP = NO;
				DEBUG_INFORMATION_FORMAT = dwarf;
				ENABLE_STRICT_OBJC_MSGSEND = YES;
				ENABLE_TESTABILITY = YES;
				GCC_C_LANGUAGE_STANDARD = gnu11;
				GCC_DYNAMIC_NO_PIC = NO;
				GCC_NO_COMMON_BLOCKS = YES;
				GCC_OPTIMIZATION_LEVEL = 0;
				GCC_PREPROCESSOR_DEFINITIONS = (
					"DEBUG=1",
					"$(inherited)",
				);
				GCC_WARN_64_TO_32_BIT_CONVERSION = YES;
				GCC_WARN_ABOUT_RETURN_TYPE = YES_ERROR;
				GCC_WARN_UNDECLARED_SELECTOR = YES;
				GCC_WARN_UNINITIALIZED_AUTOS = YES_AGGRESSIVE;
				GCC_WARN_UNUSED_FUNCTION = YES;
				GCC_WARN_UNUSED_VARIABLE = YES;
				IPHONEOS_DEPLOYMENT_TARGET = 12.1;
				MTL_ENABLE_DEBUG_INFO = INCLUDE_SOURCE;
				MTL_FAST_MATH = YES;
				ONLY_ACTIVE_ARCH = YES;
				SDKROOT = iphoneos;
				SWIFT_ACTIVE_COMPILATION_CONDITIONS = DEBUG;
				SWIFT_OPTIMIZATION_LEVEL = "-Onone";
			};
			name = Debug;
		};
		14C7A342219B4B6000E335CA /* Release */ = {
			isa = XCBuildConfiguration;
			buildSettings = {
				ALWAYS_SEARCH_USER_PATHS = NO;
				CLANG_ANALYZER_NONNULL = YES;
				CLANG_ANALYZER_NUMBER_OBJECT_CONVERSION = YES_AGGRESSIVE;
				CLANG_CXX_LANGUAGE_STANDARD = "gnu++14";
				CLANG_CXX_LIBRARY = "libc++";
				CLANG_ENABLE_MODULES = YES;
				CLANG_ENABLE_OBJC_ARC = YES;
				CLANG_ENABLE_OBJC_WEAK = YES;
				CLANG_WARN_BLOCK_CAPTURE_AUTORELEASING = YES;
				CLANG_WARN_BOOL_CONVERSION = YES;
				CLANG_WARN_COMMA = YES;
				CLANG_WARN_CONSTANT_CONVERSION = YES;
				CLANG_WARN_DEPRECATED_OBJC_IMPLEMENTATIONS = YES;
				CLANG_WARN_DIRECT_OBJC_ISA_USAGE = YES_ERROR;
				CLANG_WARN_DOCUMENTATION_COMMENTS = YES;
				CLANG_WARN_EMPTY_BODY = YES;
				CLANG_WARN_ENUM_CONVERSION = YES;
				CLANG_WARN_INFINITE_RECURSION = YES;
				CLANG_WARN_INT_CONVERSION = YES;
				CLANG_WARN_NON_LITERAL_NULL_CONVERSION = YES;
				CLANG_WARN_OBJC_IMPLICIT_RETAIN_SELF = YES;
				CLANG_WARN_OBJC_LITERAL_CONVERSION = YES;
				CLANG_WARN_OBJC_ROOT_CLASS = YES_ERROR;
				CLANG_WARN_RANGE_LOOP_ANALYSIS = YES;
				CLANG_WARN_STRICT_PROTOTYPES = YES;
				CLANG_WARN_SUSPICIOUS_MOVE = YES;
				CLANG_WARN_UNGUARDED_AVAILABILITY = YES_AGGRESSIVE;
				CLANG_WARN_UNREACHABLE_CODE = YES;
				CLANG_WARN__DUPLICATE_METHOD_MATCH = YES;
				CODE_SIGN_IDENTITY = "iPhone Developer";
				COPY_PHASE_STRIP = NO;
				DEBUG_INFORMATION_FORMAT = "dwarf-with-dsym";
				ENABLE_NS_ASSERTIONS = NO;
				ENABLE_STRICT_OBJC_MSGSEND = YES;
				GCC_C_LANGUAGE_STANDARD = gnu11;
				GCC_NO_COMMON_BLOCKS = YES;
				GCC_WARN_64_TO_32_BIT_CONVERSION = YES;
				GCC_WARN_ABOUT_RETURN_TYPE = YES_ERROR;
				GCC_WARN_UNDECLARED_SELECTOR = YES;
				GCC_WARN_UNINITIALIZED_AUTOS = YES_AGGRESSIVE;
				GCC_WARN_UNUSED_FUNCTION = YES;
				GCC_WARN_UNUSED_VARIABLE = YES;
				IPHONEOS_DEPLOYMENT_TARGET = 12.1;
				MTL_ENABLE_DEBUG_INFO = NO;
				MTL_FAST_MATH = YES;
				SDKROOT = iphoneos;
				SWIFT_COMPILATION_MODE = wholemodule;
				SWIFT_OPTIMIZATION_LEVEL = "-O";
				VALIDATE_PRODUCT = YES;
			};
			name = Release;
		};
		14C7A344219B4B6000E335CA /* Debug */ = {
			isa = XCBuildConfiguration;
			baseConfigurationReference = 1C32EAA2BF183E83FEDFC567 /* Pods-InsperationTomato.debug.xcconfig */;
			buildSettings = {
				ASSETCATALOG_COMPILER_APPICON_NAME = AppIcon;
				CODE_SIGN_STYLE = Automatic;
				INFOPLIST_FILE = "$(SRCROOT)/Insperation Pomodoro/Info.plist";
				LD_RUNPATH_SEARCH_PATHS = (
					"$(inherited)",
					"@executable_path/Frameworks",
				);
				PRODUCT_BUNDLE_IDENTIFIER = com.lynmasri.InsperationPomodoro;
				PRODUCT_NAME = "$(TARGET_NAME)";
				SWIFT_VERSION = 4.2;
				TARGETED_DEVICE_FAMILY = "1,2";
			};
			name = Debug;
		};
		14C7A345219B4B6000E335CA /* Release */ = {
			isa = XCBuildConfiguration;
			baseConfigurationReference = 1B3893CF2434DFB6844F1EF6 /* Pods-InsperationTomato.release.xcconfig */;
			buildSettings = {
				ASSETCATALOG_COMPILER_APPICON_NAME = AppIcon;
				CODE_SIGN_STYLE = Automatic;
				INFOPLIST_FILE = "$(SRCROOT)/Insperation Pomodoro/Info.plist";
				LD_RUNPATH_SEARCH_PATHS = (
					"$(inherited)",
					"@executable_path/Frameworks",
				);
				PRODUCT_BUNDLE_IDENTIFIER = com.lynmasri.InsperationPomodoro;
				PRODUCT_NAME = "$(TARGET_NAME)";
				SWIFT_VERSION = 4.2;
				TARGETED_DEVICE_FAMILY = "1,2";
			};
			name = Release;
		};
/* End XCBuildConfiguration section */

/* Begin XCConfigurationList section */
		14C7A32C219B4B5E00E335CA /* Build configuration list for PBXProject "Insperation Pomodoro" */ = {
			isa = XCConfigurationList;
			buildConfigurations = (
				14C7A341219B4B6000E335CA /* Debug */,
				14C7A342219B4B6000E335CA /* Release */,
			);
			defaultConfigurationIsVisible = 0;
			defaultConfigurationName = Release;
		};
		14C7A343219B4B6000E335CA /* Build configuration list for PBXNativeTarget "Insperation Pomodoro" */ = {
			isa = XCConfigurationList;
			buildConfigurations = (
				14C7A344219B4B6000E335CA /* Debug */,
				14C7A345219B4B6000E335CA /* Release */,
			);
			defaultConfigurationIsVisible = 0;
			defaultConfigurationName = Release;
		};
/* End XCConfigurationList section */
	};
	rootObject = 14C7A329219B4B5E00E335CA /* Project object */;
}
